{"version":4,"terraform_version":"1.10.2","serial":1,"lineage":"27b78a38-d555-a90e-aeb4-121648b5b097","outputs":{"hello_status":{"value":"deployed","type":"string"}},"resources":[{"mode":"managed","type":"helm_release","name":"hello","provider":"provider[\"registry.opentofu.org/hashicorp/helm\"]","instances":[{"schema_version":2,"attributes":{"atomic":false,"chart":"hello-world-app","cleanup_on_fail":false,"create_namespace":false,"dependency_update":false,"description":null,"devel":null,"disable_crd_hooks":false,"disable_openapi_validation":false,"disable_webhooks":false,"force_update":false,"id":"hello-world-softonic","keyring":null,"lint":false,"manifest":null,"max_history":0,"metadata":{"app_version":"0.2.0","chart":"hello-world-app","first_deployed":1753312117,"last_deployed":1753312117,"name":"hello-world-softonic","namespace":"default","notes":"1. Get the application URL by running these commands:\n  https://hello.cluster.k8s.installation.region.provider.gigantic.io/\n","revision":1,"values":"{}","version":"1.2.2"},"name":"hello-world-softonic","namespace":"default","pass_credentials":false,"postrender":null,"recreate_pods":false,"render_subchart_notes":true,"replace":false,"repository":"https://charts.softonic.io","repository_ca_file":null,"repository_cert_file":null,"repository_key_file":null,"repository_password":null,"repository_username":null,"reset_values":false,"reuse_values":false,"set":null,"set_list":null,"set_sensitive":null,"set_wo":null,"set_wo_revision":null,"skip_crds":false,"status":"deployed","timeout":300,"values":null,"verify":false,"version":"1.2.2","wait":true,"wait_for_jobs":false},"sensitive_attributes":[[{"type":"get_attr","value":"repository_password"}]]}]}],"check_results":null}
