{"version":4,"terraform_version":"1.10.2","serial":7,"lineage":"27b78a38-d555-a90e-aeb4-121648b5b097","outputs":{"hello_go_service":{"value":{"name":"hello-go","namespace":"hello"},"type":["object",{"name":"string","namespace":"string"}]},"hello_status":{"value":"deployed","type":"string"}},"resources":[{"mode":"managed","type":"helm_release","name":"hello","provider":"provider[\"registry.opentofu.org/hashicorp/helm\"]","instances":[{"schema_version":2,"attributes":{"atomic":false,"chart":"hello-world-app","cleanup_on_fail":false,"create_namespace":false,"dependency_update":false,"description":null,"devel":null,"disable_crd_hooks":false,"disable_openapi_validation":false,"disable_webhooks":false,"force_update":false,"id":"hello-world-softonic","keyring":null,"lint":false,"manifest":null,"max_history":0,"metadata":{"app_version":"0.2.0","chart":"hello-world-app","first_deployed":1753312117,"last_deployed":1753312117,"name":"hello-world-softonic","namespace":"default","notes":"1. Get the application URL by running these commands:\n  https://hello.cluster.k8s.installation.region.provider.gigantic.io/\n","revision":1,"values":"{}","version":"1.2.2"},"name":"hello-world-softonic","namespace":"default","pass_credentials":false,"postrender":null,"recreate_pods":false,"render_subchart_notes":true,"replace":false,"repository":"https://charts.softonic.io","repository_ca_file":null,"repository_cert_file":null,"repository_key_file":null,"repository_password":null,"repository_username":null,"reset_values":false,"reuse_values":false,"set":null,"set_list":null,"set_sensitive":null,"set_wo":null,"set_wo_revision":null,"skip_crds":false,"status":"deployed","timeout":300,"values":null,"verify":false,"version":"1.2.2","wait":true,"wait_for_jobs":false},"sensitive_attributes":[[{"type":"get_attr","value":"repository_password"}]]}]},{"mode":"managed","type":"kubernetes_deployment","name":"hello_go","provider":"provider[\"registry.opentofu.org/hashicorp/kubernetes\"]","instances":[{"schema_version":1,"attributes":{"id":"hello/hello-go","metadata":[{"annotations":{},"generate_name":"","generation":3,"labels":{"app":"hello-go"},"name":"hello-go","namespace":"hello","resource_version":"12269","uid":"b1b7577b-f64b-4c87-8b89-d179182f14bf"}],"spec":[{"min_ready_seconds":0,"paused":false,"progress_deadline_seconds":600,"replicas":"1","revision_history_limit":10,"selector":[{"match_expressions":[],"match_labels":{"app":"hello-go"}}],"strategy":[{"rolling_update":[{"max_surge":"25%","max_unavailable":"25%"}],"type":"RollingUpdate"}],"template":[{"metadata":[{"annotations":{},"generate_name":"","generation":0,"labels":{"app":"hello-go"},"name":"","namespace":"","resource_version":"","uid":""}],"spec":[{"active_deadline_seconds":0,"affinity":[],"automount_service_account_token":true,"container":[{"args":[],"command":[],"env":[{"name":"APP_MESSAGE","value":"Hello from OpenTofu!","value_from":[]}],"env_from":[],"image":"hellogo:0.2","image_pull_policy":"IfNotPresent","lifecycle":[],"liveness_probe":[],"name":"server","port":[{"container_port":8080,"host_ip":"","host_port":0,"name":"","protocol":"TCP"}],"readiness_probe":[],"resources":[{"limits":{},"requests":{}}],"security_context":[],"startup_probe":[],"stdin":false,"stdin_once":false,"termination_message_path":"/dev/termination-log","termination_message_policy":"File","tty":false,"volume_device":[],"volume_mount":[],"working_dir":""}],"dns_config":[],"dns_policy":"ClusterFirst","enable_service_links":true,"host_aliases":[],"host_ipc":false,"host_network":false,"host_pid":false,"hostname":"","image_pull_secrets":[],"init_container":[],"node_name":"","node_selector":{},"os":[],"priority_class_name":"","readiness_gate":[],"restart_policy":"Always","runtime_class_name":"","scheduler_name":"default-scheduler","security_context":[],"service_account_name":"","share_process_namespace":false,"subdomain":"","termination_grace_period_seconds":30,"toleration":[],"topology_spread_constraint":[],"volume":[]}]}]}],"timeouts":null,"wait_for_rollout":true},"sensitive_attributes":[],"private":"eyJlMmJmYjczMC1lY2FhLTExZTYtOGY4OC0zNDM2M2JjN2M0YzAiOnsiY3JlYXRlIjo2MDAwMDAwMDAwMDAsImRlbGV0ZSI6NjAwMDAwMDAwMDAwLCJ1cGRhdGUiOjYwMDAwMDAwMDAwMH0sInNjaGVtYV92ZXJzaW9uIjoiMSJ9","dependencies":["kubernetes_namespace.hello"]}]},{"mode":"managed","type":"kubernetes_namespace","name":"hello","provider":"provider[\"registry.opentofu.org/hashicorp/kubernetes\"]","instances":[{"schema_version":0,"attributes":{"id":"hello","metadata":[{"annotations":{},"generate_name":"","generation":0,"labels":{},"name":"hello","resource_version":"7074","uid":"75cf70be-c10c-4614-a7bf-f7b1ece85019"}],"timeouts":null,"wait_for_default_service_account":false},"sensitive_attributes":[],"private":"eyJlMmJmYjczMC1lY2FhLTExZTYtOGY4OC0zNDM2M2JjN2M0YzAiOnsiZGVsZXRlIjozMDAwMDAwMDAwMDB9fQ=="}]},{"mode":"managed","type":"kubernetes_service","name":"hello_go","provider":"provider[\"registry.opentofu.org/hashicorp/kubernetes\"]","instances":[{"schema_version":1,"attributes":{"id":"hello/hello-go","metadata":[{"annotations":{},"generate_name":"","generation":0,"labels":{"app":"hello-go"},"name":"hello-go","namespace":"hello","resource_version":"11577","uid":"aa8c1760-af70-4e34-ad76-b7b3434307ab"}],"spec":[{"allocate_load_balancer_node_ports":true,"cluster_ip":"10.111.44.171","cluster_ips":["10.111.44.171"],"external_ips":[],"external_name":"","external_traffic_policy":"","health_check_node_port":0,"internal_traffic_policy":"Cluster","ip_families":["IPv4"],"ip_family_policy":"SingleStack","load_balancer_class":"","load_balancer_ip":"","load_balancer_source_ranges":[],"port":[{"app_protocol":"","name":"","node_port":0,"port":80,"protocol":"TCP","target_port":"8080"}],"publish_not_ready_addresses":false,"selector":{"app":"hello-go"},"session_affinity":"None","session_affinity_config":[],"type":"ClusterIP"}],"status":[{"load_balancer":[{"ingress":[]}]}],"timeouts":null,"wait_for_load_balancer":true},"sensitive_attributes":[],"private":"eyJlMmJmYjczMC1lY2FhLTExZTYtOGY4OC0zNDM2M2JjN2M0YzAiOnsiY3JlYXRlIjo2MDAwMDAwMDAwMDB9LCJzY2hlbWFfdmVyc2lvbiI6IjEifQ==","dependencies":["kubernetes_namespace.hello"]}]}],"check_results":null}
